
Microsoft Visual Studio Solution File, Format Version 12.00
# Visual Studio 15
VisualStudioVersion = 15.0.28307.1082
MinimumVisualStudioVersion = 10.0.40219.1
Project("{8BC9CEB8-8B4A-11D0-8D11-00A0C91BC942}") = "IPcalculator", "IPcalculator\IPcalculator.vcxproj", "{740CB508-0FE6-4D06-AD48-EECB52BA517D}"
EndProject
Global
	GlobalSection(SolutionConfigurationPlatforms) = preSolution
		Debug|Any CPU = Debug|Any CPU
		Debug|x64 = Debug|x64
		Debug|x86 = Debug|x86
		Release|Any CPU = Release|Any CPU
		Release|x64 = Release|x64
		Release|x86 = Release|x86
	EndGlobalSection
	GlobalSection(ProjectConfigurationPlatforms) = postSolution
		{740CB508-0FE6-4D06-AD48-EECB52BA517D}.Debug|Any CPU.ActiveCfg = Debug|Win32
		{740CB508-0FE6-4D06-AD48-EECB52BA517D}.Debug|x64.ActiveCfg = Debug|x64
		{740CB508-0FE6-4D06-AD48-EECB52BA517D}.Debug|x64.Build.0 = Debug|x64
		{740CB508-0FE6-4D06-AD48-EECB52BA517D}.Debug|x86.ActiveCfg = Debug|Win32
		{740CB508-0FE6-4D06-AD48-EECB52BA517D}.Debug|x86.Build.0 = Debug|Win32
		{740CB508-0FE6-4D06-AD48-EECB52BA517D}.Release|Any CPU.ActiveCfg = Release|Win32
		{740CB508-0FE6-4D06-AD48-EECB52BA517D}.Release|x64.ActiveCfg = Release|x64
		{740CB508-0FE6-4D06-AD48-EECB52BA517D}.Release|x64.Build.0 = Release|x64
		{740CB508-0FE6-4D06-AD48-EECB52BA517D}.Release|x86.ActiveCfg = Release|Win32
		{740CB508-0FE6-4D06-AD48-EECB52BA517D}.Release|x86.Build.0 = Release|Win32
	EndGlobalSection
	GlobalSection(SolutionProperties) = preSolution
		HideSolutionNode = FALSE
	EndGlobalSection
	GlobalSection(ExtensibilityGlobals) = postSolution
		SolutionGuid = {9B3C785D-F88A-490A-B5A8-FEEB38AA633E}
	EndGlobalSection
EndGlobal
